
Microsoft Visual Studio Solution File, Format Version 12.00
# Visual Studio Version 17
VisualStudioVersion = 17.14.36221.1
MinimumVisualStudioVersion = 10.0.40219.1
Project("{FAE04EC0-301F-11D3-BF4B-00C04F79EFBC}") = "UrlShortener.API", "src\UrlShortener\UrlShortener.API\UrlShortener.API.csproj", "{77FCE53D-C868-4AC5-A3A0-66CCABBA0510}"
EndProject
Project("{2150E333-8FDC-42A3-9474-1A3956D46DE8}") = "Common", "Common", "{820B96B5-4EC8-4766-83C6-4713A893DE2E}"
EndProject
Project("{2150E333-8FDC-42A3-9474-1A3956D46DE8}") = "UrlShortener", "UrlShortener", "{4EC51B18-BC09-4D49-A4A2-8721A227E3F6}"
EndProject
Project("{2150E333-8FDC-42A3-9474-1A3956D46DE8}") = "Analytics", "Analytics", "{B6E9B5B3-3BFB-45AD-9D59-F59E9D4F8354}"
EndProject
Project("{FAE04EC0-301F-11D3-BF4B-00C04F79EFBC}") = "UrlShortenerSystem.Common.Storage", "src\Common\UrlShortenerSystem.Common.Storage\UrlShortenerSystem.Common.Storage.csproj", "{8F310042-B1FA-4D68-9BFB-26C8A1930650}"
EndProject
Project("{FAE04EC0-301F-11D3-BF4B-00C04F79EFBC}") = "UrlShortenerSystem.Common.CrossCutting", "src\Common\UrlShortenerSystem.Common.CrossCutting\UrlShortenerSystem.Common.CrossCutting.csproj", "{3E0C5041-9255-458B-B516-2C0682B4FC23}"
EndProject
Project("{FAE04EC0-301F-11D3-BF4B-00C04F79EFBC}") = "UrlShortener.Storage", "src\UrlShortener\UrlShortener.Storage\UrlShortener.Storage.csproj", "{3B726D95-BC16-4AB2-AD17-0DF413FB14CD}"
EndProject
Project("{FAE04EC0-301F-11D3-BF4B-00C04F79EFBC}") = "UrlShortener.CrossCutting", "src\UrlShortener\UrlShortener.CrossCutting\UrlShortener.CrossCutting.csproj", "{3ED26DE2-F3A2-4DFE-A8F0-9FA8D76CE218}"
EndProject
Project("{FAE04EC0-301F-11D3-BF4B-00C04F79EFBC}") = "Analytics.API", "src\Analytics\Analytics.API\Analytics.API.csproj", "{A1B2C3D4-E5F6-7890-ABCD-EF1234567890}"
EndProject
Project("{FAE04EC0-301F-11D3-BF4B-00C04F79EFBC}") = "Analytics.Storage", "src\Analytics\Analytics.Storage\Analytics.Storage.csproj", "{3E0E8614-7823-3008-48FB-0343D684568B}"
EndProject
Project("{FAE04EC0-301F-11D3-BF4B-00C04F79EFBC}") = "Analytics.CrossCutting", "src\Analytics\Analytics.CrossCutting\Analytics.CrossCutting.csproj", "{8734C05E-A15D-09CF-2C81-4F37D892CC2B}"
EndProject
Project("{FAE04EC0-301F-11D3-BF4B-00C04F79EFBC}") = "UrlShortener.Tests", "src\UrlShortener\UrlShortener.Tests\UrlShortener.Tests.csproj", "{51D8D212-AF36-44AC-8FC9-0834D328AD11}"
EndProject
Project("{FAE04EC0-301F-11D3-BF4B-00C04F79EFBC}") = "Analytics.Tests", "src\Analytics\Analytics.Tests\Analytics.Tests.csproj", "{C02BBA1D-D494-4679-A4B7-F4A9021E3791}"
EndProject
Global
	GlobalSection(SolutionConfigurationPlatforms) = preSolution
		Debug|Any CPU = Debug|Any CPU
		Debug|x64 = Debug|x64
		Debug|x86 = Debug|x86
		Release|Any CPU = Release|Any CPU
		Release|x64 = Release|x64
		Release|x86 = Release|x86
	EndGlobalSection
	GlobalSection(ProjectConfigurationPlatforms) = postSolution
		{77FCE53D-C868-4AC5-A3A0-66CCABBA0510}.Debug|Any CPU.ActiveCfg = Debug|Any CPU
		{77FCE53D-C868-4AC5-A3A0-66CCABBA0510}.Debug|Any CPU.Build.0 = Debug|Any CPU
		{77FCE53D-C868-4AC5-A3A0-66CCABBA0510}.Debug|x64.ActiveCfg = Debug|Any CPU
		{77FCE53D-C868-4AC5-A3A0-66CCABBA0510}.Debug|x64.Build.0 = Debug|Any CPU
		{77FCE53D-C868-4AC5-A3A0-66CCABBA0510}.Debug|x86.ActiveCfg = Debug|Any CPU
		{77FCE53D-C868-4AC5-A3A0-66CCABBA0510}.Debug|x86.Build.0 = Debug|Any CPU
		{77FCE53D-C868-4AC5-A3A0-66CCABBA0510}.Release|Any CPU.ActiveCfg = Release|Any CPU
		{77FCE53D-C868-4AC5-A3A0-66CCABBA0510}.Release|Any CPU.Build.0 = Release|Any CPU
		{77FCE53D-C868-4AC5-A3A0-66CCABBA0510}.Release|x64.ActiveCfg = Release|Any CPU
		{77FCE53D-C868-4AC5-A3A0-66CCABBA0510}.Release|x64.Build.0 = Release|Any CPU
		{77FCE53D-C868-4AC5-A3A0-66CCABBA0510}.Release|x86.ActiveCfg = Release|Any CPU
		{77FCE53D-C868-4AC5-A3A0-66CCABBA0510}.Release|x86.Build.0 = Release|Any CPU
		{8F310042-B1FA-4D68-9BFB-26C8A1930650}.Debug|Any CPU.ActiveCfg = Debug|Any CPU
		{8F310042-B1FA-4D68-9BFB-26C8A1930650}.Debug|Any CPU.Build.0 = Debug|Any CPU
		{8F310042-B1FA-4D68-9BFB-26C8A1930650}.Debug|x64.ActiveCfg = Debug|Any CPU
		{8F310042-B1FA-4D68-9BFB-26C8A1930650}.Debug|x64.Build.0 = Debug|Any CPU
		{8F310042-B1FA-4D68-9BFB-26C8A1930650}.Debug|x86.ActiveCfg = Debug|Any CPU
		{8F310042-B1FA-4D68-9BFB-26C8A1930650}.Debug|x86.Build.0 = Debug|Any CPU
		{8F310042-B1FA-4D68-9BFB-26C8A1930650}.Release|Any CPU.ActiveCfg = Release|Any CPU
		{8F310042-B1FA-4D68-9BFB-26C8A1930650}.Release|Any CPU.Build.0 = Release|Any CPU
		{8F310042-B1FA-4D68-9BFB-26C8A1930650}.Release|x64.ActiveCfg = Release|Any CPU
		{8F310042-B1FA-4D68-9BFB-26C8A1930650}.Release|x64.Build.0 = Release|Any CPU
		{8F310042-B1FA-4D68-9BFB-26C8A1930650}.Release|x86.ActiveCfg = Release|Any CPU
		{8F310042-B1FA-4D68-9BFB-26C8A1930650}.Release|x86.Build.0 = Release|Any CPU
		{3E0C5041-9255-458B-B516-2C0682B4FC23}.Debug|Any CPU.ActiveCfg = Debug|Any CPU
		{3E0C5041-9255-458B-B516-2C0682B4FC23}.Debug|Any CPU.Build.0 = Debug|Any CPU
		{3E0C5041-9255-458B-B516-2C0682B4FC23}.Debug|x64.ActiveCfg = Debug|Any CPU
		{3E0C5041-9255-458B-B516-2C0682B4FC23}.Debug|x64.Build.0 = Debug|Any CPU
		{3E0C5041-9255-458B-B516-2C0682B4FC23}.Debug|x86.ActiveCfg = Debug|Any CPU
		{3E0C5041-9255-458B-B516-2C0682B4FC23}.Debug|x86.Build.0 = Debug|Any CPU
		{3E0C5041-9255-458B-B516-2C0682B4FC23}.Release|Any CPU.ActiveCfg = Release|Any CPU
		{3E0C5041-9255-458B-B516-2C0682B4FC23}.Release|Any CPU.Build.0 = Release|Any CPU
		{3E0C5041-9255-458B-B516-2C0682B4FC23}.Release|x64.ActiveCfg = Release|Any CPU
		{3E0C5041-9255-458B-B516-2C0682B4FC23}.Release|x64.Build.0 = Release|Any CPU
		{3E0C5041-9255-458B-B516-2C0682B4FC23}.Release|x86.ActiveCfg = Release|Any CPU
		{3E0C5041-9255-458B-B516-2C0682B4FC23}.Release|x86.Build.0 = Release|Any CPU
		{3B726D95-BC16-4AB2-AD17-0DF413FB14CD}.Debug|Any CPU.ActiveCfg = Debug|Any CPU
		{3B726D95-BC16-4AB2-AD17-0DF413FB14CD}.Debug|Any CPU.Build.0 = Debug|Any CPU
		{3B726D95-BC16-4AB2-AD17-0DF413FB14CD}.Debug|x64.ActiveCfg = Debug|Any CPU
		{3B726D95-BC16-4AB2-AD17-0DF413FB14CD}.Debug|x64.Build.0 = Debug|Any CPU
		{3B726D95-BC16-4AB2-AD17-0DF413FB14CD}.Debug|x86.ActiveCfg = Debug|Any CPU
		{3B726D95-BC16-4AB2-AD17-0DF413FB14CD}.Debug|x86.Build.0 = Debug|Any CPU
		{3B726D95-BC16-4AB2-AD17-0DF413FB14CD}.Release|Any CPU.ActiveCfg = Release|Any CPU
		{3B726D95-BC16-4AB2-AD17-0DF413FB14CD}.Release|Any CPU.Build.0 = Release|Any CPU
		{3B726D95-BC16-4AB2-AD17-0DF413FB14CD}.Release|x64.ActiveCfg = Release|Any CPU
		{3B726D95-BC16-4AB2-AD17-0DF413FB14CD}.Release|x64.Build.0 = Release|Any CPU
		{3B726D95-BC16-4AB2-AD17-0DF413FB14CD}.Release|x86.ActiveCfg = Release|Any CPU
		{3B726D95-BC16-4AB2-AD17-0DF413FB14CD}.Release|x86.Build.0 = Release|Any CPU
		{3ED26DE2-F3A2-4DFE-A8F0-9FA8D76CE218}.Debug|Any CPU.ActiveCfg = Debug|Any CPU
		{3ED26DE2-F3A2-4DFE-A8F0-9FA8D76CE218}.Debug|Any CPU.Build.0 = Debug|Any CPU
		{3ED26DE2-F3A2-4DFE-A8F0-9FA8D76CE218}.Debug|x64.ActiveCfg = Debug|Any CPU
		{3ED26DE2-F3A2-4DFE-A8F0-9FA8D76CE218}.Debug|x64.Build.0 = Debug|Any CPU
		{3ED26DE2-F3A2-4DFE-A8F0-9FA8D76CE218}.Debug|x86.ActiveCfg = Debug|Any CPU
		{3ED26DE2-F3A2-4DFE-A8F0-9FA8D76CE218}.Debug|x86.Build.0 = Debug|Any CPU
		{3ED26DE2-F3A2-4DFE-A8F0-9FA8D76CE218}.Release|Any CPU.ActiveCfg = Release|Any CPU
		{3ED26DE2-F3A2-4DFE-A8F0-9FA8D76CE218}.Release|Any CPU.Build.0 = Release|Any CPU
		{3ED26DE2-F3A2-4DFE-A8F0-9FA8D76CE218}.Release|x64.ActiveCfg = Release|Any CPU
		{3ED26DE2-F3A2-4DFE-A8F0-9FA8D76CE218}.Release|x64.Build.0 = Release|Any CPU
		{3ED26DE2-F3A2-4DFE-A8F0-9FA8D76CE218}.Release|x86.ActiveCfg = Release|Any CPU
		{3ED26DE2-F3A2-4DFE-A8F0-9FA8D76CE218}.Release|x86.Build.0 = Release|Any CPU
		{A1B2C3D4-E5F6-7890-ABCD-EF1234567890}.Debug|Any CPU.ActiveCfg = Debug|Any CPU
		{A1B2C3D4-E5F6-7890-ABCD-EF1234567890}.Debug|Any CPU.Build.0 = Debug|Any CPU
		{A1B2C3D4-E5F6-7890-ABCD-EF1234567890}.Debug|x64.ActiveCfg = Debug|Any CPU
		{A1B2C3D4-E5F6-7890-ABCD-EF1234567890}.Debug|x64.Build.0 = Debug|Any CPU
		{A1B2C3D4-E5F6-7890-ABCD-EF1234567890}.Debug|x86.ActiveCfg = Debug|Any CPU
		{A1B2C3D4-E5F6-7890-ABCD-EF1234567890}.Debug|x86.Build.0 = Debug|Any CPU
		{A1B2C3D4-E5F6-7890-ABCD-EF1234567890}.Release|Any CPU.ActiveCfg = Release|Any CPU
		{A1B2C3D4-E5F6-7890-ABCD-EF1234567890}.Release|Any CPU.Build.0 = Release|Any CPU
		{A1B2C3D4-E5F6-7890-ABCD-EF1234567890}.Release|x64.ActiveCfg = Release|Any CPU
		{A1B2C3D4-E5F6-7890-ABCD-EF1234567890}.Release|x64.Build.0 = Release|Any CPU
		{A1B2C3D4-E5F6-7890-ABCD-EF1234567890}.Release|x86.ActiveCfg = Release|Any CPU
		{A1B2C3D4-E5F6-7890-ABCD-EF1234567890}.Release|x86.Build.0 = Release|Any CPU
		{3E0E8614-7823-3008-48FB-0343D684568B}.Debug|Any CPU.ActiveCfg = Debug|Any CPU
		{3E0E8614-7823-3008-48FB-0343D684568B}.Debug|Any CPU.Build.0 = Debug|Any CPU
		{3E0E8614-7823-3008-48FB-0343D684568B}.Debug|x64.ActiveCfg = Debug|Any CPU
		{3E0E8614-7823-3008-48FB-0343D684568B}.Debug|x64.Build.0 = Debug|Any CPU
		{3E0E8614-7823-3008-48FB-0343D684568B}.Debug|x86.ActiveCfg = Debug|Any CPU
		{3E0E8614-7823-3008-48FB-0343D684568B}.Debug|x86.Build.0 = Debug|Any CPU
		{3E0E8614-7823-3008-48FB-0343D684568B}.Release|Any CPU.ActiveCfg = Release|Any CPU
		{3E0E8614-7823-3008-48FB-0343D684568B}.Release|Any CPU.Build.0 = Release|Any CPU
		{3E0E8614-7823-3008-48FB-0343D684568B}.Release|x64.ActiveCfg = Release|Any CPU
		{3E0E8614-7823-3008-48FB-0343D684568B}.Release|x64.Build.0 = Release|Any CPU
		{3E0E8614-7823-3008-48FB-0343D684568B}.Release|x86.ActiveCfg = Release|Any CPU
		{3E0E8614-7823-3008-48FB-0343D684568B}.Release|x86.Build.0 = Release|Any CPU
		{8734C05E-A15D-09CF-2C81-4F37D892CC2B}.Debug|Any CPU.ActiveCfg = Debug|Any CPU
		{8734C05E-A15D-09CF-2C81-4F37D892CC2B}.Debug|Any CPU.Build.0 = Debug|Any CPU
		{8734C05E-A15D-09CF-2C81-4F37D892CC2B}.Debug|x64.ActiveCfg = Debug|Any CPU
		{8734C05E-A15D-09CF-2C81-4F37D892CC2B}.Debug|x64.Build.0 = Debug|Any CPU
		{8734C05E-A15D-09CF-2C81-4F37D892CC2B}.Debug|x86.ActiveCfg = Debug|Any CPU
		{8734C05E-A15D-09CF-2C81-4F37D892CC2B}.Debug|x86.Build.0 = Debug|Any CPU
		{8734C05E-A15D-09CF-2C81-4F37D892CC2B}.Release|Any CPU.ActiveCfg = Release|Any CPU
		{8734C05E-A15D-09CF-2C81-4F37D892CC2B}.Release|Any CPU.Build.0 = Release|Any CPU
		{8734C05E-A15D-09CF-2C81-4F37D892CC2B}.Release|x64.ActiveCfg = Release|Any CPU
		{8734C05E-A15D-09CF-2C81-4F37D892CC2B}.Release|x64.Build.0 = Release|Any CPU
		{8734C05E-A15D-09CF-2C81-4F37D892CC2B}.Release|x86.ActiveCfg = Release|Any CPU
		{8734C05E-A15D-09CF-2C81-4F37D892CC2B}.Release|x86.Build.0 = Release|Any CPU
		{51D8D212-AF36-44AC-8FC9-0834D328AD11}.Debug|Any CPU.ActiveCfg = Debug|Any CPU
		{51D8D212-AF36-44AC-8FC9-0834D328AD11}.Debug|Any CPU.Build.0 = Debug|Any CPU
		{51D8D212-AF36-44AC-8FC9-0834D328AD11}.Debug|x64.ActiveCfg = Debug|Any CPU
		{51D8D212-AF36-44AC-8FC9-0834D328AD11}.Debug|x64.Build.0 = Debug|Any CPU
		{51D8D212-AF36-44AC-8FC9-0834D328AD11}.Debug|x86.ActiveCfg = Debug|Any CPU
		{51D8D212-AF36-44AC-8FC9-0834D328AD11}.Debug|x86.Build.0 = Debug|Any CPU
		{51D8D212-AF36-44AC-8FC9-0834D328AD11}.Release|Any CPU.ActiveCfg = Release|Any CPU
		{51D8D212-AF36-44AC-8FC9-0834D328AD11}.Release|Any CPU.Build.0 = Release|Any CPU
		{51D8D212-AF36-44AC-8FC9-0834D328AD11}.Release|x64.ActiveCfg = Release|Any CPU
		{51D8D212-AF36-44AC-8FC9-0834D328AD11}.Release|x64.Build.0 = Release|Any CPU
		{51D8D212-AF36-44AC-8FC9-0834D328AD11}.Release|x86.ActiveCfg = Release|Any CPU
		{51D8D212-AF36-44AC-8FC9-0834D328AD11}.Release|x86.Build.0 = Release|Any CPU
		{C02BBA1D-D494-4679-A4B7-F4A9021E3791}.Debug|Any CPU.ActiveCfg = Debug|Any CPU
		{C02BBA1D-D494-4679-A4B7-F4A9021E3791}.Debug|Any CPU.Build.0 = Debug|Any CPU
		{C02BBA1D-D494-4679-A4B7-F4A9021E3791}.Debug|x64.ActiveCfg = Debug|Any CPU
		{C02BBA1D-D494-4679-A4B7-F4A9021E3791}.Debug|x64.Build.0 = Debug|Any CPU
		{C02BBA1D-D494-4679-A4B7-F4A9021E3791}.Debug|x86.ActiveCfg = Debug|Any CPU
		{C02BBA1D-D494-4679-A4B7-F4A9021E3791}.Debug|x86.Build.0 = Debug|Any CPU
		{C02BBA1D-D494-4679-A4B7-F4A9021E3791}.Release|Any CPU.ActiveCfg = Release|Any CPU
		{C02BBA1D-D494-4679-A4B7-F4A9021E3791}.Release|Any CPU.Build.0 = Release|Any CPU
		{C02BBA1D-D494-4679-A4B7-F4A9021E3791}.Release|x64.ActiveCfg = Release|Any CPU
		{C02BBA1D-D494-4679-A4B7-F4A9021E3791}.Release|x64.Build.0 = Release|Any CPU
		{C02BBA1D-D494-4679-A4B7-F4A9021E3791}.Release|x86.ActiveCfg = Release|Any CPU
		{C02BBA1D-D494-4679-A4B7-F4A9021E3791}.Release|x86.Build.0 = Release|Any CPU
	EndGlobalSection
	GlobalSection(SolutionProperties) = preSolution
		HideSolutionNode = FALSE
	EndGlobalSection
	GlobalSection(NestedProjects) = preSolution
		{77FCE53D-C868-4AC5-A3A0-66CCABBA0510} = {4EC51B18-BC09-4D49-A4A2-8721A227E3F6}
		{8F310042-B1FA-4D68-9BFB-26C8A1930650} = {820B96B5-4EC8-4766-83C6-4713A893DE2E}
		{3E0C5041-9255-458B-B516-2C0682B4FC23} = {820B96B5-4EC8-4766-83C6-4713A893DE2E}
		{3B726D95-BC16-4AB2-AD17-0DF413FB14CD} = {4EC51B18-BC09-4D49-A4A2-8721A227E3F6}
		{3ED26DE2-F3A2-4DFE-A8F0-9FA8D76CE218} = {4EC51B18-BC09-4D49-A4A2-8721A227E3F6}
		{A1B2C3D4-E5F6-7890-ABCD-EF1234567890} = {B6E9B5B3-3BFB-45AD-9D59-F59E9D4F8354}
		{3E0E8614-7823-3008-48FB-0343D684568B} = {B6E9B5B3-3BFB-45AD-9D59-F59E9D4F8354}
		{8734C05E-A15D-09CF-2C81-4F37D892CC2B} = {B6E9B5B3-3BFB-45AD-9D59-F59E9D4F8354}
		{51D8D212-AF36-44AC-8FC9-0834D328AD11} = {4EC51B18-BC09-4D49-A4A2-8721A227E3F6}
		{C02BBA1D-D494-4679-A4B7-F4A9021E3791} = {B6E9B5B3-3BFB-45AD-9D59-F59E9D4F8354}
	EndGlobalSection
	GlobalSection(ExtensibilityGlobals) = postSolution
		SolutionGuid = {3EF6FF86-AB9F-4132-ABED-9C5F640B92DF}
	EndGlobalSection
EndGlobal
